
Microsoft Visual Studio Solution File, Format Version 12.00
# Visual Studio Version 17
VisualStudioVersion = 17.12.35521.163
MinimumVisualStudioVersion = 10.0.40219.1
Project("{FAE04EC0-301F-11D3-BF4B-00C04F79EFBC}") = "Day1", "Day1\Day1.csproj", "{4EF9911F-744C-426E-BC4F-65A9E701880A}"
EndProject
Project("{FAE04EC0-301F-11D3-BF4B-00C04F79EFBC}") = "AocUtilities", "..\AocUtilities\AocUtilities.csproj", "{6D28FA78-7EFD-43EF-A415-D580B1BB107A}"
EndProject
Project("{FAE04EC0-301F-11D3-BF4B-00C04F79EFBC}") = "Day2", "Day2\Day2.csproj", "{2A437951-AFE2-4D0C-B967-8065AC1974E5}"
EndProject
Project("{FAE04EC0-301F-11D3-BF4B-00C04F79EFBC}") = "Day3", "Day3\Day3.csproj", "{83C323B9-531F-473C-B1DE-B7203FAFBCE9}"
EndProject
Project("{FAE04EC0-301F-11D3-BF4B-00C04F79EFBC}") = "Day4", "Day4\Day4.csproj", "{0A13E02F-B874-439C-B1DA-9476A6A2D690}"
EndProject
Global
	GlobalSection(SolutionConfigurationPlatforms) = preSolution
		Debug|Any CPU = Debug|Any CPU
		Release|Any CPU = Release|Any CPU
	EndGlobalSection
	GlobalSection(ProjectConfigurationPlatforms) = postSolution
		{4EF9911F-744C-426E-BC4F-65A9E701880A}.Debug|Any CPU.ActiveCfg = Debug|Any CPU
		{4EF9911F-744C-426E-BC4F-65A9E701880A}.Debug|Any CPU.Build.0 = Debug|Any CPU
		{4EF9911F-744C-426E-BC4F-65A9E701880A}.Release|Any CPU.ActiveCfg = Release|Any CPU
		{4EF9911F-744C-426E-BC4F-65A9E701880A}.Release|Any CPU.Build.0 = Release|Any CPU
		{6D28FA78-7EFD-43EF-A415-D580B1BB107A}.Debug|Any CPU.ActiveCfg = Debug|Any CPU
		{6D28FA78-7EFD-43EF-A415-D580B1BB107A}.Debug|Any CPU.Build.0 = Debug|Any CPU
		{6D28FA78-7EFD-43EF-A415-D580B1BB107A}.Release|Any CPU.ActiveCfg = Release|Any CPU
		{6D28FA78-7EFD-43EF-A415-D580B1BB107A}.Release|Any CPU.Build.0 = Release|Any CPU
		{2A437951-AFE2-4D0C-B967-8065AC1974E5}.Debug|Any CPU.ActiveCfg = Debug|Any CPU
		{2A437951-AFE2-4D0C-B967-8065AC1974E5}.Debug|Any CPU.Build.0 = Debug|Any CPU
		{2A437951-AFE2-4D0C-B967-8065AC1974E5}.Release|Any CPU.ActiveCfg = Release|Any CPU
		{2A437951-AFE2-4D0C-B967-8065AC1974E5}.Release|Any CPU.Build.0 = Release|Any CPU
		{83C323B9-531F-473C-B1DE-B7203FAFBCE9}.Debug|Any CPU.ActiveCfg = Debug|Any CPU
		{83C323B9-531F-473C-B1DE-B7203FAFBCE9}.Debug|Any CPU.Build.0 = Debug|Any CPU
		{83C323B9-531F-473C-B1DE-B7203FAFBCE9}.Release|Any CPU.ActiveCfg = Release|Any CPU
		{83C323B9-531F-473C-B1DE-B7203FAFBCE9}.Release|Any CPU.Build.0 = Release|Any CPU
		{0A13E02F-B874-439C-B1DA-9476A6A2D690}.Debug|Any CPU.ActiveCfg = Debug|Any CPU
		{0A13E02F-B874-439C-B1DA-9476A6A2D690}.Debug|Any CPU.Build.0 = Debug|Any CPU
		{0A13E02F-B874-439C-B1DA-9476A6A2D690}.Release|Any CPU.ActiveCfg = Release|Any CPU
		{0A13E02F-B874-439C-B1DA-9476A6A2D690}.Release|Any CPU.Build.0 = Release|Any CPU
	EndGlobalSection
	GlobalSection(SolutionProperties) = preSolution
		HideSolutionNode = FALSE
	EndGlobalSection
EndGlobal
